// !$*UTF8*$!
{
	archiveVersion = 1;
	classes = {
	};
	objectVersion = 56;
	objects = {

/* Begin PBXBuildFile section */
		BB4421DE29E8D7BB005420DB /* AppDelegate.swift in Sources */ = {isa = PBXBuildFile; fileRef = BB4421DD29E8D7BB005420DB /* AppDelegate.swift */; };
		BB4421E029E8D7BB005420DB /* SceneDelegate.swift in Sources */ = {isa = PBXBuildFile; fileRef = BB4421DF29E8D7BB005420DB /* SceneDelegate.swift */; };
		BB4421E229E8D7BB005420DB /* PokemonViewController.swift in Sources */ = {isa = PBXBuildFile; fileRef = BB4421E129E8D7BB005420DB /* PokemonViewController.swift */; };
		BB4421E729E8D7BC005420DB /* Assets.xcassets in Resources */ = {isa = PBXBuildFile; fileRef = BB4421E629E8D7BC005420DB /* Assets.xcassets */; };
		BB4421EA29E8D7BC005420DB /* LaunchScreen.storyboard in Resources */ = {isa = PBXBuildFile; fileRef = BB4421E829E8D7BC005420DB /* LaunchScreen.storyboard */; };
		BB72262A29F09FB8007993F3 /* PokemonData.swift in Sources */ = {isa = PBXBuildFile; fileRef = BB72262929F09FB8007993F3 /* PokemonData.swift */; };
		BB72262C29F09FD8007993F3 /* PokemonManager.swift in Sources */ = {isa = PBXBuildFile; fileRef = BB72262B29F09FD8007993F3 /* PokemonManager.swift */; };
		BB72262E29F09FE5007993F3 /* PokemonModel.swift in Sources */ = {isa = PBXBuildFile; fileRef = BB72262D29F09FE5007993F3 /* PokemonModel.swift */; };
		BB72263029F09FFC007993F3 /* ImageData.swift in Sources */ = {isa = PBXBuildFile; fileRef = BB72262F29F09FFC007993F3 /* ImageData.swift */; };
		BB72263229F0A00B007993F3 /* ImageManager.swift in Sources */ = {isa = PBXBuildFile; fileRef = BB72263129F0A00B007993F3 /* ImageManager.swift */; };
		BB72263429F0A016007993F3 /* ImageModel.swift in Sources */ = {isa = PBXBuildFile; fileRef = BB72263329F0A016007993F3 /* ImageModel.swift */; };
		BB72263629F0A02C007993F3 /* GameModel.swift in Sources */ = {isa = PBXBuildFile; fileRef = BB72263529F0A02C007993F3 /* GameModel.swift */; };
		BB93F2FC29F083C800C274AE /* Main.storyboard in Resources */ = {isa = PBXBuildFile; fileRef = BB4421E329E8D7BB005420DB /* Main.storyboard */; };
		BBBAB77B29F9A93A0047C532 /* ResultViewController.swift in Sources */ = {isa = PBXBuildFile; fileRef = BBBAB77A29F9A93A0047C532 /* ResultViewController.swift */; };
		D4476D79373CBCBD4C60523F /* Pods_WhoIsThatPKMN.framework in Frameworks */ = {isa = PBXBuildFile; fileRef = 74D1C86F9489EFDCE3964E9C /* Pods_WhoIsThatPKMN.framework */; };
/* End PBXBuildFile section */

/* Begin PBXFileReference section */
		119D93FF0349D3E0D25B752D /* Pods-WhoIsThatPKMN.release.xcconfig */ = {isa = PBXFileReference; includeInIndex = 1; lastKnownFileType = text.xcconfig; name = "Pods-WhoIsThatPKMN.release.xcconfig"; path = "Target Support Files/Pods-WhoIsThatPKMN/Pods-WhoIsThatPKMN.release.xcconfig"; sourceTree = "<group>"; };
		74D1C86F9489EFDCE3964E9C /* Pods_WhoIsThatPKMN.framework */ = {isa = PBXFileReference; explicitFileType = wrapper.framework; includeInIndex = 0; path = Pods_WhoIsThatPKMN.framework; sourceTree = BUILT_PRODUCTS_DIR; };
		BB4421DA29E8D7BB005420DB /* WhoIsThatPKMN.app */ = {isa = PBXFileReference; explicitFileType = wrapper.application; includeInIndex = 0; path = WhoIsThatPKMN.app; sourceTree = BUILT_PRODUCTS_DIR; };
		BB4421DD29E8D7BB005420DB /* AppDelegate.swift */ = {isa = PBXFileReference; lastKnownFileType = sourcecode.swift; path = AppDelegate.swift; sourceTree = "<group>"; };
		BB4421DF29E8D7BB005420DB /* SceneDelegate.swift */ = {isa = PBXFileReference; lastKnownFileType = sourcecode.swift; path = SceneDelegate.swift; sourceTree = "<group>"; };
		BB4421E129E8D7BB005420DB /* PokemonViewController.swift */ = {isa = PBXFileReference; lastKnownFileType = sourcecode.swift; path = PokemonViewController.swift; sourceTree = "<group>"; };
		BB4421E429E8D7BB005420DB /* Base */ = {isa = PBXFileReference; lastKnownFileType = file.storyboard; name = Base; path = Base.lproj/Main.storyboard; sourceTree = "<group>"; };
		BB4421E629E8D7BC005420DB /* Assets.xcassets */ = {isa = PBXFileReference; lastKnownFileType = folder.assetcatalog; path = Assets.xcassets; sourceTree = "<group>"; };
		BB4421E929E8D7BC005420DB /* Base */ = {isa = PBXFileReference; lastKnownFileType = file.storyboard; name = Base; path = Base.lproj/LaunchScreen.storyboard; sourceTree = "<group>"; };
		BB4421EB29E8D7BC005420DB /* Info.plist */ = {isa = PBXFileReference; lastKnownFileType = text.plist.xml; path = Info.plist; sourceTree = "<group>"; };
		BB72262929F09FB8007993F3 /* PokemonData.swift */ = {isa = PBXFileReference; lastKnownFileType = sourcecode.swift; path = PokemonData.swift; sourceTree = "<group>"; };
		BB72262B29F09FD8007993F3 /* PokemonManager.swift */ = {isa = PBXFileReference; lastKnownFileType = sourcecode.swift; path = PokemonManager.swift; sourceTree = "<group>"; };
		BB72262D29F09FE5007993F3 /* PokemonModel.swift */ = {isa = PBXFileReference; lastKnownFileType = sourcecode.swift; path = PokemonModel.swift; sourceTree = "<group>"; };
		BB72262F29F09FFC007993F3 /* ImageData.swift */ = {isa = PBXFileReference; lastKnownFileType = sourcecode.swift; path = ImageData.swift; sourceTree = "<group>"; };
		BB72263129F0A00B007993F3 /* ImageManager.swift */ = {isa = PBXFileReference; lastKnownFileType = sourcecode.swift; path = ImageManager.swift; sourceTree = "<group>"; };
		BB72263329F0A016007993F3 /* ImageModel.swift */ = {isa = PBXFileReference; lastKnownFileType = sourcecode.swift; path = ImageModel.swift; sourceTree = "<group>"; };
		BB72263529F0A02C007993F3 /* GameModel.swift */ = {isa = PBXFileReference; lastKnownFileType = sourcecode.swift; path = GameModel.swift; sourceTree = "<group>"; };
		BBBAB77A29F9A93A0047C532 /* ResultViewController.swift */ = {isa = PBXFileReference; lastKnownFileType = sourcecode.swift; path = ResultViewController.swift; sourceTree = "<group>"; };
		ED5375D60C33CDFB0531F35A /* Pods-WhoIsThatPKMN.debug.xcconfig */ = {isa = PBXFileReference; includeInIndex = 1; lastKnownFileType = text.xcconfig; name = "Pods-WhoIsThatPKMN.debug.xcconfig"; path = "Target Support Files/Pods-WhoIsThatPKMN/Pods-WhoIsThatPKMN.debug.xcconfig"; sourceTree = "<group>"; };
/* End PBXFileReference section */

/* Begin PBXFrameworksBuildPhase section */
		BB4421D729E8D7BB005420DB /* Frameworks */ = {
			isa = PBXFrameworksBuildPhase;
			buildActionMask = 2147483647;
			files = (
				D4476D79373CBCBD4C60523F /* Pods_WhoIsThatPKMN.framework in Frameworks */,
			);
			runOnlyForDeploymentPostprocessing = 0;
		};
/* End PBXFrameworksBuildPhase section */

/* Begin PBXGroup section */
		515916A544D9299C60AF4078 /* Pods */ = {
			isa = PBXGroup;
			children = (
				ED5375D60C33CDFB0531F35A /* Pods-WhoIsThatPKMN.debug.xcconfig */,
				119D93FF0349D3E0D25B752D /* Pods-WhoIsThatPKMN.release.xcconfig */,
			);
			path = Pods;
			sourceTree = "<group>";
		};
		BB4421D129E8D7BB005420DB = {
			isa = PBXGroup;
			children = (
				BB4421DC29E8D7BB005420DB /* WhoIsThatPKMN */,
				BB4421DB29E8D7BB005420DB /* Products */,
				515916A544D9299C60AF4078 /* Pods */,
				FC560336161D6DF138ACB47C /* Frameworks */,
			);
			sourceTree = "<group>";
		};
		BB4421DB29E8D7BB005420DB /* Products */ = {
			isa = PBXGroup;
			children = (
				BB4421DA29E8D7BB005420DB /* WhoIsThatPKMN.app */,
			);
			name = Products;
			sourceTree = "<group>";
		};
		BB4421DC29E8D7BB005420DB /* WhoIsThatPKMN */ = {
			isa = PBXGroup;
			children = (
				BB72263829F0A07A007993F3 /* Controller */,
				BB4421DD29E8D7BB005420DB /* AppDelegate.swift */,
				BB4421DF29E8D7BB005420DB /* SceneDelegate.swift */,
				BB72262829F09F4D007993F3 /* Model */,
				BB72263729F0A053007993F3 /* View */,
				BB4421E629E8D7BC005420DB /* Assets.xcassets */,
				BB4421E829E8D7BC005420DB /* LaunchScreen.storyboard */,
				BB4421EB29E8D7BC005420DB /* Info.plist */,
			);
			path = WhoIsThatPKMN;
			sourceTree = "<group>";
		};
		BB72262829F09F4D007993F3 /* Model */ = {
			isa = PBXGroup;
			children = (
				BB72262929F09FB8007993F3 /* PokemonData.swift */,
				BB72262B29F09FD8007993F3 /* PokemonManager.swift */,
				BB72262D29F09FE5007993F3 /* PokemonModel.swift */,
				BB72262F29F09FFC007993F3 /* ImageData.swift */,
				BB72263129F0A00B007993F3 /* ImageManager.swift */,
				BB72263329F0A016007993F3 /* ImageModel.swift */,
				BB72263529F0A02C007993F3 /* GameModel.swift */,
			);
			path = Model;
			sourceTree = "<group>";
		};
		BB72263729F0A053007993F3 /* View */ = {
			isa = PBXGroup;
			children = (
				BB4421E329E8D7BB005420DB /* Main.storyboard */,
			);
			path = View;
			sourceTree = "<group>";
		};
		BB72263829F0A07A007993F3 /* Controller */ = {
			isa = PBXGroup;
			children = (
				BB4421E129E8D7BB005420DB /* PokemonViewController.swift */,
				BBBAB77A29F9A93A0047C532 /* ResultViewController.swift */,
			);
			path = Controller;
			sourceTree = "<group>";
		};
		FC560336161D6DF138ACB47C /* Frameworks */ = {
			isa = PBXGroup;
			children = (
				74D1C86F9489EFDCE3964E9C /* Pods_WhoIsThatPKMN.framework */,
			);
			name = Frameworks;
			sourceTree = "<group>";
		};
/* End PBXGroup section */

/* Begin PBXNativeTarget section */
		BB4421D929E8D7BB005420DB /* WhoIsThatPKMN */ = {
			isa = PBXNativeTarget;
			buildConfigurationList = BB4421EE29E8D7BC005420DB /* Build configuration list for PBXNativeTarget "WhoIsThatPKMN" */;
			buildPhases = (
				84F3A0E983C53485A6186E62 /* [CP] Check Pods Manifest.lock */,
				BB4421D629E8D7BB005420DB /* Sources */,
				BB4421D729E8D7BB005420DB /* Frameworks */,
				BB4421D829E8D7BB005420DB /* Resources */,
				70312101DE75C1615E409510 /* [CP] Embed Pods Frameworks */,
			);
			buildRules = (
			);
			dependencies = (
			);
			name = WhoIsThatPKMN;
			productName = WhoIsThatPKMN;
			productReference = BB4421DA29E8D7BB005420DB /* WhoIsThatPKMN.app */;
			productType = "com.apple.product-type.application";
		};
/* End PBXNativeTarget section */

/* Begin PBXProject section */
		BB4421D229E8D7BB005420DB /* Project object */ = {
			isa = PBXProject;
			attributes = {
				BuildIndependentTargetsInParallel = 1;
				LastSwiftUpdateCheck = 1420;
				LastUpgradeCheck = 1420;
				TargetAttributes = {
					BB4421D929E8D7BB005420DB = {
						CreatedOnToolsVersion = 14.2;
					};
				};
			};
			buildConfigurationList = BB4421D529E8D7BB005420DB /* Build configuration list for PBXProject "WhoIsThatPKMN" */;
			compatibilityVersion = "Xcode 14.0";
			developmentRegion = en;
			hasScannedForEncodings = 0;
			knownRegions = (
				en,
				Base,
			);
			mainGroup = BB4421D129E8D7BB005420DB;
			productRefGroup = BB4421DB29E8D7BB005420DB /* Products */;
			projectDirPath = "";
			projectRoot = "";
			targets = (
				BB4421D929E8D7BB005420DB /* WhoIsThatPKMN */,
			);
		};
/* End PBXProject section */

/* Begin PBXResourcesBuildPhase section */
		BB4421D829E8D7BB005420DB /* Resources */ = {
			isa = PBXResourcesBuildPhase;
			buildActionMask = 2147483647;
			files = (
				BB93F2FC29F083C800C274AE /* Main.storyboard in Resources */,
				BB4421EA29E8D7BC005420DB /* LaunchScreen.storyboard in Resources */,
				BB4421E729E8D7BC005420DB /* Assets.xcassets in Resources */,
			);
			runOnlyForDeploymentPostprocessing = 0;
		};
/* End PBXResourcesBuildPhase section */

/* Begin PBXShellScriptBuildPhase section */
		70312101DE75C1615E409510 /* [CP] Embed Pods Frameworks */ = {
			isa = PBXShellScriptBuildPhase;
			buildActionMask = 2147483647;
			files = (
			);
			inputFileListPaths = (
				"${PODS_ROOT}/Target Support Files/Pods-WhoIsThatPKMN/Pods-WhoIsThatPKMN-frameworks-${CONFIGURATION}-input-files.xcfilelist",
			);
			name = "[CP] Embed Pods Frameworks";
			outputFileListPaths = (
				"${PODS_ROOT}/Target Support Files/Pods-WhoIsThatPKMN/Pods-WhoIsThatPKMN-frameworks-${CONFIGURATION}-output-files.xcfilelist",
			);
			runOnlyForDeploymentPostprocessing = 0;
			shellPath = /bin/sh;
			shellScript = "\"${PODS_ROOT}/Target Support Files/Pods-WhoIsThatPKMN/Pods-WhoIsThatPKMN-frameworks.sh\"\n";
			showEnvVarsInLog = 0;
		};
		84F3A0E983C53485A6186E62 /* [CP] Check Pods Manifest.lock */ = {
			isa = PBXShellScriptBuildPhase;
			buildActionMask = 2147483647;
			files = (
			);
			inputFileListPaths = (
			);
			inputPaths = (
				"${PODS_PODFILE_DIR_PATH}/Podfile.lock",
				"${PODS_ROOT}/Manifest.lock",
			);
			name = "[CP] Check Pods Manifest.lock";
			outputFileListPaths = (
			);
			outputPaths = (
				"$(DERIVED_FILE_DIR)/Pods-WhoIsThatPKMN-checkManifestLockResult.txt",
			);
			runOnlyForDeploymentPostprocessing = 0;
			shellPath = /bin/sh;
			shellScript = "diff \"${PODS_PODFILE_DIR_PATH}/Podfile.lock\" \"${PODS_ROOT}/Manifest.lock\" > /dev/null\nif [ $? != 0 ] ; then\n    # print error to STDERR\n    echo \"error: The sandbox is not in sync with the Podfile.lock. Run 'pod install' or update your CocoaPods installation.\" >&2\n    exit 1\nfi\n# This output is used by Xcode 'outputs' to avoid re-running this script phase.\necho \"SUCCESS\" > \"${SCRIPT_OUTPUT_FILE_0}\"\n";
			showEnvVarsInLog = 0;
		};
/* End PBXShellScriptBuildPhase section */

/* Begin PBXSourcesBuildPhase section */
		BB4421D629E8D7BB005420DB /* Sources */ = {
			isa = PBXSourcesBuildPhase;
			buildActionMask = 2147483647;
			files = (
				BB4421E229E8D7BB005420DB /* PokemonViewController.swift in Sources */,
				BB72262E29F09FE5007993F3 /* PokemonModel.swift in Sources */,
				BB4421DE29E8D7BB005420DB /* AppDelegate.swift in Sources */,
				BB72263229F0A00B007993F3 /* ImageManager.swift in Sources */,
				BB72263429F0A016007993F3 /* ImageModel.swift in Sources */,
				BB72263629F0A02C007993F3 /* GameModel.swift in Sources */,
				BB72262C29F09FD8007993F3 /* PokemonManager.swift in Sources */,
				BB4421E029E8D7BB005420DB /* SceneDelegate.swift in Sources */,
				BB72262A29F09FB8007993F3 /* PokemonData.swift in Sources */,
				BB72263029F09FFC007993F3 /* ImageData.swift in Sources */,
				BBBAB77B29F9A93A0047C532 /* ResultViewController.swift in Sources */,
			);
			runOnlyForDeploymentPostprocessing = 0;
		};
/* End PBXSourcesBuildPhase section */

/* Begin PBXVariantGroup section */
		BB4421E329E8D7BB005420DB /* Main.storyboard */ = {
			isa = PBXVariantGroup;
			children = (
				BB4421E429E8D7BB005420DB /* Base */,
			);
			name = Main.storyboard;
			sourceTree = "<group>";
		};
		BB4421E829E8D7BC005420DB /* LaunchScreen.storyboard */ = {
			isa = PBXVariantGroup;
			children = (
				BB4421E929E8D7BC005420DB /* Base */,
			);
			name = LaunchScreen.storyboard;
			sourceTree = "<group>";
		};
/* End PBXVariantGroup section */

/* Begin XCBuildConfiguration section */
		BB4421EC29E8D7BC005420DB /* Debug */ = {
			isa = XCBuildConfiguration;
			buildSettings = {
				ALWAYS_SEARCH_USER_PATHS = NO;
				CLANG_ANALYZER_NONNULL = YES;
				CLANG_ANALYZER_NUMBER_OBJECT_CONVERSION = YES_AGGRESSIVE;
				CLANG_CXX_LANGUAGE_STANDARD = "gnu++20";
				CLANG_ENABLE_MODULES = YES;
				CLANG_ENABLE_OBJC_ARC = YES;
				CLANG_ENABLE_OBJC_WEAK = YES;
				CLANG_WARN_BLOCK_CAPTURE_AUTORELEASING = YES;
				CLANG_WARN_BOOL_CONVERSION = YES;
				CLANG_WARN_COMMA = YES;
				CLANG_WARN_CONSTANT_CONVERSION = YES;
				CLANG_WARN_DEPRECATED_OBJC_IMPLEMENTATIONS = YES;
				CLANG_WARN_DIRECT_OBJC_ISA_USAGE = YES_ERROR;
				CLANG_WARN_DOCUMENTATION_COMMENTS = YES;
				CLANG_WARN_EMPTY_BODY = YES;
				CLANG_WARN_ENUM_CONVERSION = YES;
				CLANG_WARN_INFINITE_RECURSION = YES;
				CLANG_WARN_INT_CONVERSION = YES;
				CLANG_WARN_NON_LITERAL_NULL_CONVERSION = YES;
				CLANG_WARN_OBJC_IMPLICIT_RETAIN_SELF = YES;
				CLANG_WARN_OBJC_LITERAL_CONVERSION = YES;
				CLANG_WARN_OBJC_ROOT_CLASS = YES_ERROR;
				CLANG_WARN_QUOTED_INCLUDE_IN_FRAMEWORK_HEADER = YES;
				CLANG_WARN_RANGE_LOOP_ANALYSIS = YES;
				CLANG_WARN_STRICT_PROTOTYPES = YES;
				CLANG_WARN_SUSPICIOUS_MOVE = YES;
				CLANG_WARN_UNGUARDED_AVAILABILITY = YES_AGGRESSIVE;
				CLANG_WARN_UNREACHABLE_CODE = YES;
				CLANG_WARN__DUPLICATE_METHOD_MATCH = YES;
				COPY_PHASE_STRIP = NO;
				DEBUG_INFORMATION_FORMAT = dwarf;
				ENABLE_STRICT_OBJC_MSGSEND = YES;
				ENABLE_TESTABILITY = YES;
				GCC_C_LANGUAGE_STANDARD = gnu11;
				GCC_DYNAMIC_NO_PIC = NO;
				GCC_NO_COMMON_BLOCKS = YES;
				GCC_OPTIMIZATION_LEVEL = 0;
				GCC_PREPROCESSOR_DEFINITIONS = (
					"DEBUG=1",
					"$(inherited)",
				);
				GCC_WARN_64_TO_32_BIT_CONVERSION = YES;
				GCC_WARN_ABOUT_RETURN_TYPE = YES_ERROR;
				GCC_WARN_UNDECLARED_SELECTOR = YES;
				GCC_WARN_UNINITIALIZED_AUTOS = YES_AGGRESSIVE;
				GCC_WARN_UNUSED_FUNCTION = YES;
				GCC_WARN_UNUSED_VARIABLE = YES;
				IPHONEOS_DEPLOYMENT_TARGET = 16.2;
				MTL_ENABLE_DEBUG_INFO = INCLUDE_SOURCE;
				MTL_FAST_MATH = YES;
				ONLY_ACTIVE_ARCH = YES;
				SDKROOT = iphoneos;
				SWIFT_ACTIVE_COMPILATION_CONDITIONS = DEBUG;
				SWIFT_OPTIMIZATION_LEVEL = "-Onone";
			};
			name = Debug;
		};
		BB4421ED29E8D7BC005420DB /* Release */ = {
			isa = XCBuildConfiguration;
			buildSettings = {
				ALWAYS_SEARCH_USER_PATHS = NO;
				CLANG_ANALYZER_NONNULL = YES;
				CLANG_ANALYZER_NUMBER_OBJECT_CONVERSION = YES_AGGRESSIVE;
				CLANG_CXX_LANGUAGE_STANDARD = "gnu++20";
				CLANG_ENABLE_MODULES = YES;
				CLANG_ENABLE_OBJC_ARC = YES;
				CLANG_ENABLE_OBJC_WEAK = YES;
				CLANG_WARN_BLOCK_CAPTURE_AUTORELEASING = YES;
				CLANG_WARN_BOOL_CONVERSION = YES;
				CLANG_WARN_COMMA = YES;
				CLANG_WARN_CONSTANT_CONVERSION = YES;
				CLANG_WARN_DEPRECATED_OBJC_IMPLEMENTATIONS = YES;
				CLANG_WARN_DIRECT_OBJC_ISA_USAGE = YES_ERROR;
				CLANG_WARN_DOCUMENTATION_COMMENTS = YES;
				CLANG_WARN_EMPTY_BODY = YES;
				CLANG_WARN_ENUM_CONVERSION = YES;
				CLANG_WARN_INFINITE_RECURSION = YES;
				CLANG_WARN_INT_CONVERSION = YES;
				CLANG_WARN_NON_LITERAL_NULL_CONVERSION = YES;
				CLANG_WARN_OBJC_IMPLICIT_RETAIN_SELF = YES;
				CLANG_WARN_OBJC_LITERAL_CONVERSION = YES;
				CLANG_WARN_OBJC_ROOT_CLASS = YES_ERROR;
				CLANG_WARN_QUOTED_INCLUDE_IN_FRAMEWORK_HEADER = YES;
				CLANG_WARN_RANGE_LOOP_ANALYSIS = YES;
				CLANG_WARN_STRICT_PROTOTYPES = YES;
				CLANG_WARN_SUSPICIOUS_MOVE = YES;
				CLANG_WARN_UNGUARDED_AVAILABILITY = YES_AGGRESSIVE;
				CLANG_WARN_UNREACHABLE_CODE = YES;
				CLANG_WARN__DUPLICATE_METHOD_MATCH = YES;
				COPY_PHASE_STRIP = NO;
				DEBUG_INFORMATION_FORMAT = "dwarf-with-dsym";
				ENABLE_NS_ASSERTIONS = NO;
				ENABLE_STRICT_OBJC_MSGSEND = YES;
				GCC_C_LANGUAGE_STANDARD = gnu11;
				GCC_NO_COMMON_BLOCKS = YES;
				GCC_WARN_64_TO_32_BIT_CONVERSION = YES;
				GCC_WARN_ABOUT_RETURN_TYPE = YES_ERROR;
				GCC_WARN_UNDECLARED_SELECTOR = YES;
				GCC_WARN_UNINITIALIZED_AUTOS = YES_AGGRESSIVE;
				GCC_WARN_UNUSED_FUNCTION = YES;
				GCC_WARN_UNUSED_VARIABLE = YES;
				IPHONEOS_DEPLOYMENT_TARGET = 16.2;
				MTL_ENABLE_DEBUG_INFO = NO;
				MTL_FAST_MATH = YES;
				SDKROOT = iphoneos;
				SWIFT_COMPILATION_MODE = wholemodule;
				SWIFT_OPTIMIZATION_LEVEL = "-O";
				VALIDATE_PRODUCT = YES;
			};
			name = Release;
		};
		BB4421EF29E8D7BC005420DB /* Debug */ = {
			isa = XCBuildConfiguration;
			baseConfigurationReference = ED5375D60C33CDFB0531F35A /* Pods-WhoIsThatPKMN.debug.xcconfig */;
			buildSettings = {
				ASSETCATALOG_COMPILER_APPICON_NAME = AppIcon;
				ASSETCATALOG_COMPILER_GLOBAL_ACCENT_COLOR_NAME = AccentColor;
				CODE_SIGN_STYLE = Automatic;
				CURRENT_PROJECT_VERSION = 1;
				DEVELOPMENT_TEAM = 8PP9JZQ5Z4;
				GENERATE_INFOPLIST_FILE = YES;
				INFOPLIST_FILE = WhoIsThatPKMN/Info.plist;
				INFOPLIST_KEY_UIApplicationSupportsIndirectInputEvents = YES;
				INFOPLIST_KEY_UILaunchStoryboardName = LaunchScreen;
				INFOPLIST_KEY_UIMainStoryboardFile = Main;
				INFOPLIST_KEY_UISupportedInterfaceOrientations = UIInterfaceOrientationPortrait;
				INFOPLIST_KEY_UISupportedInterfaceOrientations_iPad = "UIInterfaceOrientationPortrait UIInterfaceOrientationPortraitUpsideDown";
				LD_RUNPATH_SEARCH_PATHS = (
					"$(inherited)",
					"@executable_path/Frameworks",
				);
				MARKETING_VERSION = 1.0;
				PRODUCT_BUNDLE_IDENTIFIER = "com.gusb-d.WhoIsThatPKMN";
				PRODUCT_NAME = "$(TARGET_NAME)";
				SWIFT_EMIT_LOC_STRINGS = YES;
				SWIFT_VERSION = 5.0;
				TARGETED_DEVICE_FAMILY = "1,2";
			};
			name = Debug;
		};
		BB4421F029E8D7BC005420DB /* Release */ = {
			isa = XCBuildConfiguration;
			baseConfigurationReference = 119D93FF0349D3E0D25B752D /* Pods-WhoIsThatPKMN.release.xcconfig */;
			buildSettings = {
				ASSETCATALOG_COMPILER_APPICON_NAME = AppIcon;
				ASSETCATALOG_COMPILER_GLOBAL_ACCENT_COLOR_NAME = AccentColor;
				CODE_SIGN_STYLE = Automatic;
				CURRENT_PROJECT_VERSION = 1;
				DEVELOPMENT_TEAM = 8PP9JZQ5Z4;
				GENERATE_INFOPLIST_FILE = YES;
				INFOPLIST_FILE = WhoIsThatPKMN/Info.plist;
				INFOPLIST_KEY_UIApplicationSupportsIndirectInputEvents = YES;
				INFOPLIST_KEY_UILaunchStoryboardName = LaunchScreen;
				INFOPLIST_KEY_UIMainStoryboardFile = Main;
				INFOPLIST_KEY_UISupportedInterfaceOrientations = UIInterfaceOrientationPortrait;
				INFOPLIST_KEY_UISupportedInterfaceOrientations_iPad = "UIInterfaceOrientationPortrait UIInterfaceOrientationPortraitUpsideDown";
				LD_RUNPATH_SEARCH_PATHS = (
					"$(inherited)",
					"@executable_path/Frameworks",
				);
				MARKETING_VERSION = 1.0;
				PRODUCT_BUNDLE_IDENTIFIER = "com.gusb-d.WhoIsThatPKMN";
				PRODUCT_NAME = "$(TARGET_NAME)";
				SWIFT_EMIT_LOC_STRINGS = YES;
				SWIFT_VERSION = 5.0;
				TARGETED_DEVICE_FAMILY = "1,2";
			};
			name = Release;
		};
/* End XCBuildConfiguration section */

/* Begin XCConfigurationList section */
		BB4421D529E8D7BB005420DB /* Build configuration list for PBXProject "WhoIsThatPKMN" */ = {
			isa = XCConfigurationList;
			buildConfigurations = (
				BB4421EC29E8D7BC005420DB /* Debug */,
				BB4421ED29E8D7BC005420DB /* Release */,
			);
			defaultConfigurationIsVisible = 0;
			defaultConfigurationName = Release;
		};
		BB4421EE29E8D7BC005420DB /* Build configuration list for PBXNativeTarget "WhoIsThatPKMN" */ = {
			isa = XCConfigurationList;
			buildConfigurations = (
				BB4421EF29E8D7BC005420DB /* Debug */,
				BB4421F029E8D7BC005420DB /* Release */,
			);
			defaultConfigurationIsVisible = 0;
			defaultConfigurationName = Release;
		};
/* End XCConfigurationList section */
	};
	rootObject = BB4421D229E8D7BB005420DB /* Project object */;
}
